
Microsoft Visual Studio Solution File, Format Version 12.00
# Visual Studio Version 17
VisualStudioVersion = 17.3.32825.248
MinimumVisualStudioVersion = 10.0.40219.1
Project("{FAE04EC0-301F-11D3-BF4B-00C04F79EFBC}") = "webapp", "webapp\webapp.csproj", "{56299396-A548-487C-909F-8E0A7A5D66AD}"
EndProject
Global
	GlobalSection(SolutionConfigurationPlatforms) = preSolution
		Debug|Any CPU = Debug|Any CPU
		Release|Any CPU = Release|Any CPU
	EndGlobalSection
	GlobalSection(ProjectConfigurationPlatforms) = postSolution
		{56299396-A548-487C-909F-8E0A7A5D66AD}.Debug|Any CPU.ActiveCfg = Debug|Any CPU
		{56299396-A548-487C-909F-8E0A7A5D66AD}.Debug|Any CPU.Build.0 = Debug|Any CPU
		{56299396-A548-487C-909F-8E0A7A5D66AD}.Release|Any CPU.ActiveCfg = Release|Any CPU
		{56299396-A548-487C-909F-8E0A7A5D66AD}.Release|Any CPU.Build.0 = Release|Any CPU
	EndGlobalSection
	GlobalSection(SolutionProperties) = preSolution
		HideSolutionNode = FALSE
	EndGlobalSection
	GlobalSection(ExtensibilityGlobals) = postSolution
		SolutionGuid = {A62BE751-7DED-41CD-AA32-03EA58F0554D}
	EndGlobalSection
EndGlobal
